
Microsoft Visual Studio Solution File, Format Version 9.00
# Visual Studio 2005
Project("{FAE04EC0-301F-11D3-BF4B-00C04F79EFBC}") = "PoshSec.PowerShell.Commands", "PoshSec.PowerShell.Commands\PoshSec.PowerShell.Commands.csproj", "{87598CD5-263C-41D0-A6E0-AD4851607CCE}"
EndProject
Global
	GlobalSection(SolutionConfigurationPlatforms) = preSolution
		Debug|Any CPU = Debug|Any CPU
		Release|Any CPU = Release|Any CPU
	EndGlobalSection
	GlobalSection(ProjectConfigurationPlatforms) = postSolution
		{87598CD5-263C-41D0-A6E0-AD4851607CCE}.Debug|Any CPU.ActiveCfg = Debug|Any CPU
		{87598CD5-263C-41D0-A6E0-AD4851607CCE}.Debug|Any CPU.Build.0 = Debug|Any CPU
		{87598CD5-263C-41D0-A6E0-AD4851607CCE}.Release|Any CPU.ActiveCfg = Release|Any CPU
		{87598CD5-263C-41D0-A6E0-AD4851607CCE}.Release|Any CPU.Build.0 = Release|Any CPU
	EndGlobalSection
	GlobalSection(SolutionProperties) = preSolution
		HideSolutionNode = FALSE
	EndGlobalSection
EndGlobal
